{
  "requires": true,
  "lockfileVersion": 1,
  "dependencies": {
    "@fluentui/date-time-utilities": {
      "version": "8.0.1",
      "resolved": "https://registry.npmjs.org/@fluentui/date-time-utilities/-/date-time-utilities-8.0.1.tgz",
      "integrity": "sha512-s6yafxXMQlkXAVgANf7mjWqgd4YaqYXT1Vqv9Kf9vinNtQurBY7wiN/b0CjcDbzDqEzT5dM0NLMG3pg5L/8hpA==",
      "requires": {
        "@fluentui/set-version": "^8.0.1",
        "tslib": "^1.10.0"
      }
    },
    "@fluentui/dom-utilities": {
      "version": "2.0.1",
      "resolved": "https://registry.npmjs.org/@fluentui/dom-utilities/-/dom-utilities-2.0.1.tgz",
      "integrity": "sha512-gQZaUN2bUwT2pSSpWr2VaC0OHBzgLC4FXDtZneHnT2Z6RPOpPoTHXuVmVmOtZ1VdVn3OMd1uFh3bbMr1WvUrMQ==",
      "requires": {
        "@fluentui/set-version": "^8.0.1",
        "tslib": "^1.10.0"
      }
    },
    "@fluentui/font-icons-mdl2": {
      "version": "8.0.2",
      "resolved": "https://registry.npmjs.org/@fluentui/font-icons-mdl2/-/font-icons-mdl2-8.0.2.tgz",
      "integrity": "sha512-KiEKYJgMbRiWI2az04QY2o7icCkHwEWsGSFlpLvwCJNvMAw22o/Dnx6vnJM/F1aH90TvC16OILpGzwH1IH3o+Q==",
      "requires": {
        "@fluentui/set-version": "^8.0.1",
        "@fluentui/style-utilities": "^8.0.2",
        "tslib": "^1.10.0"
      }
    },
    "@fluentui/foundation-legacy": {
      "version": "8.0.2",
      "resolved": "https://registry.npmjs.org/@fluentui/foundation-legacy/-/foundation-legacy-8.0.2.tgz",
      "integrity": "sha512-NEE0cJBLQRJcUbrSABTquDjARXwu+I7hS6rMp25lYscjERIDaZRFDSKZHEOARnBuV4+dhYNu50+8LaRaSWJhgA==",
      "requires": {
        "@fluentui/merge-styles": "^8.0.2",
        "@fluentui/set-version": "^8.0.1",
        "@fluentui/style-utilities": "^8.0.2",
        "@fluentui/utilities": "^8.0.2",
        "tslib": "^1.10.0"
      }
    },
    "@fluentui/keyboard-key": {
      "version": "0.2.14",
      "resolved": "https://registry.npmjs.org/@fluentui/keyboard-key/-/keyboard-key-0.2.14.tgz",
      "integrity": "sha512-SMyoMFCPRNoDeHB5MMIi8W3loDxjXsSBeQfQaaKqmph7gVN48DCky6K/xBHHDJDeqJjcmEgwPTRP8qsuuLWnqw==",
      "requires": {
        "tslib": "^1.10.0"
      }
    },
    "@fluentui/merge-styles": {
      "version": "8.0.2",
      "resolved": "https://registry.npmjs.org/@fluentui/merge-styles/-/merge-styles-8.0.2.tgz",
      "integrity": "sha512-/YwC09kgitpI856r/OkPU5UoXRVmXGCZJt93WAdIi9kLG1kCgKyKAw/N7DjphYji2Wq2vbN6LDuVmbDImlYIvg==",
      "requires": {
        "@fluentui/set-version": "^8.0.1",
        "tslib": "^1.10.0"
      }
    },
    "@fluentui/react": {
      "version": "8.5.1",
      "resolved": "https://registry.npmjs.org/@fluentui/react/-/react-8.5.1.tgz",
      "integrity": "sha512-BuLFa/eYxXEIOVYCmO0MSRCuyeuOwvFYxxD9N3/8j18dm7qS0nmioseQNtsIfTHydcNQ2edBUCgb+fz48d10Rg==",
      "requires": {
        "@fluentui/date-time-utilities": "^8.0.1",
        "@fluentui/font-icons-mdl2": "^8.0.2",
        "@fluentui/foundation-legacy": "^8.0.2",
        "@fluentui/merge-styles": "^8.0.2",
        "@fluentui/react-focus": "^8.0.4",
        "@fluentui/react-hooks": "^8.1.0",
        "@fluentui/react-shared-contexts": "^1.0.0-beta.11",
        "@fluentui/react-window-provider": "^2.0.1",
        "@fluentui/set-version": "^8.0.1",
        "@fluentui/style-utilities": "^8.0.2",
        "@fluentui/theme": "^2.0.2",
        "@fluentui/utilities": "^8.0.2",
        "@microsoft/load-themed-styles": "^1.10.26",
        "tslib": "^1.10.0"
      }
    },
    "@fluentui/react-focus": {
      "version": "8.0.4",
      "resolved": "https://registry.npmjs.org/@fluentui/react-focus/-/react-focus-8.0.4.tgz",
      "integrity": "sha512-AdSxacsCs5FSDJ8GNAvLGkJMLCtxaRMsz4CLdzW3MI42UdcIOiGsahQjUVb70FjOmCj1dbu5zTDhrGSVh1clRw==",
      "requires": {
        "@fluentui/keyboard-key": "^0.2.14",
        "@fluentui/merge-styles": "^8.0.2",
        "@fluentui/set-version": "^8.0.1",
        "@fluentui/style-utilities": "^8.0.2",
        "@fluentui/utilities": "^8.0.2",
        "tslib": "^1.10.0"
      }
    },
    "@fluentui/react-hooks": {
      "version": "8.1.0",
      "resolved": "https://registry.npmjs.org/@fluentui/react-hooks/-/react-hooks-8.1.0.tgz",
      "integrity": "sha512-D/6SUYfc9GFBXwCJz+35B4GoFrunaNBT8xcFNtOFUP1biTBejErcaDxBA3X++UieBza6xXYgl1r60nM+8EHXgg==",
      "requires": {
        "@fluentui/react-window-provider": "^2.0.1",
        "@fluentui/set-version": "^8.0.1",
        "@fluentui/utilities": "^8.0.2",
        "tslib": "^1.10.0"
      }
    },
    "@fluentui/react-shared-contexts": {
      "version": "1.0.0-beta.11",
      "resolved": "https://registry.npmjs.org/@fluentui/react-shared-contexts/-/react-shared-contexts-1.0.0-beta.11.tgz",
      "integrity": "sha512-OOkA/Hcpj3DMR0FBj8rAzpg+QtvGh4FJoQkRGYL09IHxwHiuxwNPX5KN6WIh4IWE1zpUVicLnLnmP92ORxfzGQ==",
      "requires": {
        "tslib": "^1.10.0"
      }
    },
    "@fluentui/react-window-provider": {
      "version": "2.0.1",
      "resolved": "https://registry.npmjs.org/@fluentui/react-window-provider/-/react-window-provider-2.0.1.tgz",
      "integrity": "sha512-EpTRWLWK2hY/eSHuHpRwtUlsHI1n7VZldUWlpP9+4zM//STh1xh0QGGPKVk4PAY/mYDB9LJaqRZk/NYDljoJQw==",
      "requires": {
        "@fluentui/set-version": "^8.0.1",
        "tslib": "^1.10.0"
      }
    },
    "@fluentui/set-version": {
      "version": "8.0.1",
      "resolved": "https://registry.npmjs.org/@fluentui/set-version/-/set-version-8.0.1.tgz",
      "integrity": "sha512-n7TKvoOJUl9jkZLwgAPraXRRgAGXEodUm7s2cyS3hS4BM5mUVTFKwhf7kDNHUC0VmOSTvQ3r1bBtRMwrMveqyQ==",
      "requires": {
        "tslib": "^1.10.0"
      }
    },
    "@fluentui/style-utilities": {
      "version": "8.0.2",
      "resolved": "https://registry.npmjs.org/@fluentui/style-utilities/-/style-utilities-8.0.2.tgz",
      "integrity": "sha512-W2ToHCALjK/+KKEbmWSkaRs7nI7UnxdOgMJD7GM6a1WmJrtdn4HZyrbhJKlXqSRZsklJbsRcvbVlvsJ1NVF+6A==",
      "requires": {
        "@fluentui/merge-styles": "^8.0.2",
        "@fluentui/set-version": "^8.0.1",
        "@fluentui/theme": "^2.0.2",
        "@fluentui/utilities": "^8.0.2",
        "@microsoft/load-themed-styles": "^1.10.26",
        "tslib": "^1.10.0"
      }
    },
    "@fluentui/theme": {
      "version": "2.0.2",
      "resolved": "https://registry.npmjs.org/@fluentui/theme/-/theme-2.0.2.tgz",
      "integrity": "sha512-r58/+Roq81HOsE2wvadsFNNFO4cOu2xTzRTFm83gOoZjSzOugFE4xyi+CrRJdNG5HUby1uixxtpLO8jjYAYoqw==",
      "requires": {
        "@fluentui/merge-styles": "^8.0.2",
        "@fluentui/set-version": "^8.0.1",
        "@fluentui/utilities": "^8.0.2",
        "tslib": "^1.10.0"
      }
    },
    "@fluentui/utilities": {
      "version": "8.0.2",
      "resolved": "https://registry.npmjs.org/@fluentui/utilities/-/utilities-8.0.2.tgz",
      "integrity": "sha512-DNe5XwKlJcq3GbD3ichF4MuVc8bLaWmWn+NETxoXnatJ3Wj8a1snn2/5JN2zmi9Zw4KjkWo/JYwlzkhJWNAuIA==",
      "requires": {
        "@fluentui/dom-utilities": "^2.0.1",
        "@fluentui/merge-styles": "^8.0.2",
        "@fluentui/set-version": "^8.0.1",
        "tslib": "^1.10.0"
      }
    },
    "@microsoft/load-themed-styles": {
      "version": "1.10.153",
      "resolved": "https://registry.npmjs.org/@microsoft/load-themed-styles/-/load-themed-styles-1.10.153.tgz",
      "integrity": "sha512-Rzc4FAYYyMbZN0TeTRcUN47H/8zXhoZUBcJd2eK/93ZNAitnWGXes0nHXVMFpn+pc9Ca/uq9rCOSURjJsmUrxw=="
    },
    "tslib": {
      "version": "1.14.1",
      "resolved": "https://registry.npmjs.org/tslib/-/tslib-1.14.1.tgz",
      "integrity": "sha512-Xni35NKzjgMrwevysHTCArtLDpPvye8zV/0E4EyYn43P7/7qvQwPh9BGkHewbMulVntbigmcT7rdX3BNo9wRJg=="
    }
  }
}
